dependencies:
- name: common
  repository: https://charts.bitnami.com/bitnami
  version: 1.17.1
- name: nectarlib
  repository: oci://registry.rc.nectar.org.au/nectar-helm
  version: 0.1.0
digest: sha256:1e69151a4b76f07cd96e7bf420e9907a1221798709fb8b02c4737bcceaa96f21
generated: "2022-09-16T11:04:25.412437603+10:00"
